// !$*UTF8*$!
{
	archiveVersion = 1;
	classes = {
	};
	objectVersion = 46;
	objects = {

/* Begin PBXBuildFile section */
		4531DD2218ABC38100CA2072 /* Foundation.framework in Frameworks */ = {isa = PBXBuildFile; fileRef = 4531DD2118ABC38100CA2072 /* Foundation.framework */; };
		4531DD2418ABC38100CA2072 /* CoreGraphics.framework in Frameworks */ = {isa = PBXBuildFile; fileRef = 4531DD2318ABC38100CA2072 /* CoreGraphics.framework */; };
		4531DD2618ABC38100CA2072 /* UIKit.framework in Frameworks */ = {isa = PBXBuildFile; fileRef = 4531DD2518ABC38100CA2072 /* UIKit.framework */; };
		4531DD2C18ABC38100CA2072 /* InfoPlist.strings in Resources */ = {isa = PBXBuildFile; fileRef = 4531DD2A18ABC38100CA2072 /* InfoPlist.strings */; };
		4531DD2E18ABC38100CA2072 /* main.m in Sources */ = {isa = PBXBuildFile; fileRef = 4531DD2D18ABC38100CA2072 /* main.m */; };
		4531DD3218ABC38100CA2072 /* MyAppDelegate.m in Sources */ = {isa = PBXBuildFile; fileRef = 4531DD3118ABC38100CA2072 /* MyAppDelegate.m */; };
		4531DD3518ABC38100CA2072 /* Main.storyboard in Resources */ = {isa = PBXBuildFile; fileRef = 4531DD3318ABC38100CA2072 /* Main.storyboard */; };
		4531DD3818ABC38100CA2072 /* MyViewController.m in Sources */ = {isa = PBXBuildFile; fileRef = 4531DD3718ABC38100CA2072 /* MyViewController.m */; };
		4531DD3A18ABC38100CA2072 /* Images.xcassets in Resources */ = {isa = PBXBuildFile; fileRef = 4531DD3918ABC38100CA2072 /* Images.xcassets */; };
		4531DD4118ABC38200CA2072 /* XCTest.framework in Frameworks */ = {isa = PBXBuildFile; fileRef = 4531DD4018ABC38200CA2072 /* XCTest.framework */; };
		4531DD4218ABC38200CA2072 /* Foundation.framework in Frameworks */ = {isa = PBXBuildFile; fileRef = 4531DD2118ABC38100CA2072 /* Foundation.framework */; };
		4531DD4318ABC38200CA2072 /* UIKit.framework in Frameworks */ = {isa = PBXBuildFile; fileRef = 4531DD2518ABC38100CA2072 /* UIKit.framework */; };
		4531DD4B18ABC38200CA2072 /* InfoPlist.strings in Resources */ = {isa = PBXBuildFile; fileRef = 4531DD4918ABC38200CA2072 /* InfoPlist.strings */; };
		4531DD4D18ABC38200CA2072 /* Git_SampleTests.m in Sources */ = {isa = PBXBuildFile; fileRef = 4531DD4C18ABC38200CA2072 /* Git_SampleTests.m */; };
/* End PBXBuildFile section */

/* Begin PBXContainerItemProxy section */
		4531DD4418ABC38200CA2072 /* PBXContainerItemProxy */ = {
			isa = PBXContainerItemProxy;
			containerPortal = 4531DD1618ABC38100CA2072 /* Project object */;
			proxyType = 1;
			remoteGlobalIDString = 4531DD1D18ABC38100CA2072;
			remoteInfo = "Git Sample";
		};
/* End PBXContainerItemProxy section */

/* Begin PBXFileReference section */
		4531DD1E18ABC38100CA2072 /* Git Sample.app */ = {isa = PBXFileReference; explicitFileType = wrapper.application; includeInIndex = 0; path = "Git Sample.app"; sourceTree = BUILT_PRODUCTS_DIR; };
		4531DD2118ABC38100CA2072 /* Foundation.framework */ = {isa = PBXFileReference; lastKnownFileType = wrapper.framework; name = Foundation.framework; path = System/Library/Frameworks/Foundation.framework; sourceTree = SDKROOT; };
		4531DD2318ABC38100CA2072 /* CoreGraphics.framework */ = {isa = PBXFileReference; lastKnownFileType = wrapper.framework; name = CoreGraphics.framework; path = System/Library/Frameworks/CoreGraphics.framework; sourceTree = SDKROOT; };
		4531DD2518ABC38100CA2072 /* UIKit.framework */ = {isa = PBXFileReference; lastKnownFileType = wrapper.framework; name = UIKit.framework; path = System/Library/Frameworks/UIKit.framework; sourceTree = SDKROOT; };
		4531DD2918ABC38100CA2072 /* Git Sample-Info.plist */ = {isa = PBXFileReference; lastKnownFileType = text.plist.xml; path = "Git Sample-Info.plist"; sourceTree = "<group>"; };
		4531DD2B18ABC38100CA2072 /* en */ = {isa = PBXFileReference; lastKnownFileType = text.plist.strings; name = en; path = en.lproj/InfoPlist.strings; sourceTree = "<group>"; };
		4531DD2D18ABC38100CA2072 /* main.m */ = {isa = PBXFileReference; lastKnownFileType = sourcecode.c.objc; path = main.m; sourceTree = "<group>"; };
		4531DD2F18ABC38100CA2072 /* Git Sample-Prefix.pch */ = {isa = PBXFileReference; lastKnownFileType = sourcecode.c.h; path = "Git Sample-Prefix.pch"; sourceTree = "<group>"; };
		4531DD3018ABC38100CA2072 /* MyAppDelegate.h */ = {isa = PBXFileReference; lastKnownFileType = sourcecode.c.h; path = MyAppDelegate.h; sourceTree = "<group>"; };
		4531DD3118ABC38100CA2072 /* MyAppDelegate.m */ = {isa = PBXFileReference; lastKnownFileType = sourcecode.c.objc; path = MyAppDelegate.m; sourceTree = "<group>"; };
		4531DD3418ABC38100CA2072 /* Base */ = {isa = PBXFileReference; lastKnownFileType = file.storyboard; name = Base; path = Base.lproj/Main.storyboard; sourceTree = "<group>"; };
		4531DD3618ABC38100CA2072 /* MyViewController.h */ = {isa = PBXFileReference; lastKnownFileType = sourcecode.c.h; path = MyViewController.h; sourceTree = "<group>"; };
		4531DD3718ABC38100CA2072 /* MyViewController.m */ = {isa = PBXFileReference; lastKnownFileType = sourcecode.c.objc; path = MyViewController.m; sourceTree = "<group>"; };
		4531DD3918ABC38100CA2072 /* Images.xcassets */ = {isa = PBXFileReference; lastKnownFileType = folder.assetcatalog; path = Images.xcassets; sourceTree = "<group>"; };
		4531DD3F18ABC38200CA2072 /* Git SampleTests.xctest */ = {isa = PBXFileReference; explicitFileType = wrapper.cfbundle; includeInIndex = 0; path = "Git SampleTests.xctest"; sourceTree = BUILT_PRODUCTS_DIR; };
		4531DD4018ABC38200CA2072 /* XCTest.framework */ = {isa = PBXFileReference; lastKnownFileType = wrapper.framework; name = XCTest.framework; path = Library/Frameworks/XCTest.framework; sourceTree = DEVELOPER_DIR; };
		4531DD4818ABC38200CA2072 /* Git SampleTests-Info.plist */ = {isa = PBXFileReference; lastKnownFileType = text.plist.xml; path = "Git SampleTests-Info.plist"; sourceTree = "<group>"; };
		4531DD4A18ABC38200CA2072 /* en */ = {isa = PBXFileReference; lastKnownFileType = text.plist.strings; name = en; path = en.lproj/InfoPlist.strings; sourceTree = "<group>"; };
		4531DD4C18ABC38200CA2072 /* Git_SampleTests.m */ = {isa = PBXFileReference; lastKnownFileType = sourcecode.c.objc; path = Git_SampleTests.m; sourceTree = "<group>"; };
/* End PBXFileReference section */

/* Begin PBXFrameworksBuildPhase section */
		4531DD1B18ABC38100CA2072 /* Frameworks */ = {
			isa = PBXFrameworksBuildPhase;
			buildActionMask = 2147483647;
			files = (
				4531DD2418ABC38100CA2072 /* CoreGraphics.framework in Frameworks */,
				4531DD2618ABC38100CA2072 /* UIKit.framework in Frameworks */,
				4531DD2218ABC38100CA2072 /* Foundation.framework in Frameworks */,
			);
			runOnlyForDeploymentPostprocessing = 0;
		};
		4531DD3C18ABC38200CA2072 /* Frameworks */ = {
			isa = PBXFrameworksBuildPhase;
			buildActionMask = 2147483647;
			files = (
				4531DD4118ABC38200CA2072 /* XCTest.framework in Frameworks */,
				4531DD4318ABC38200CA2072 /* UIKit.framework in Frameworks */,
				4531DD4218ABC38200CA2072 /* Foundation.framework in Frameworks */,
			);
			runOnlyForDeploymentPostprocessing = 0;
		};
/* End PBXFrameworksBuildPhase section */

/* Begin PBXGroup section */
		4531DD1518ABC38100CA2072 = {
			isa = PBXGroup;
			children = (
				4531DD2718ABC38100CA2072 /* Git Sample */,
				4531DD4618ABC38200CA2072 /* Git SampleTests */,
				4531DD2018ABC38100CA2072 /* Frameworks */,
				4531DD1F18ABC38100CA2072 /* Products */,
			);
			sourceTree = "<group>";
		};
		4531DD1F18ABC38100CA2072 /* Products */ = {
			isa = PBXGroup;
			children = (
				4531DD1E18ABC38100CA2072 /* Git Sample.app */,
				4531DD3F18ABC38200CA2072 /* Git SampleTests.xctest */,
			);
			name = Products;
			sourceTree = "<group>";
		};
		4531DD2018ABC38100CA2072 /* Frameworks */ = {
			isa = PBXGroup;
			children = (
				4531DD2118ABC38100CA2072 /* Foundation.framework */,
				4531DD2318ABC38100CA2072 /* CoreGraphics.framework */,
				4531DD2518ABC38100CA2072 /* UIKit.framework */,
				4531DD4018ABC38200CA2072 /* XCTest.framework */,
			);
			name = Frameworks;
			sourceTree = "<group>";
		};
		4531DD2718ABC38100CA2072 /* Git Sample */ = {
			isa = PBXGroup;
			children = (
				4531DD3018ABC38100CA2072 /* MyAppDelegate.h */,
				4531DD3118ABC38100CA2072 /* MyAppDelegate.m */,
				4531DD3318ABC38100CA2072 /* Main.storyboard */,
				4531DD3618ABC38100CA2072 /* MyViewController.h */,
				4531DD3718ABC38100CA2072 /* MyViewController.m */,
				4531DD3918ABC38100CA2072 /* Images.xcassets */,
				4531DD2818ABC38100CA2072 /* Supporting Files */,
			);
			path = "Git Sample";
			sourceTree = "<group>";
		};
		4531DD2818ABC38100CA2072 /* Supporting Files */ = {
			isa = PBXGroup;
			children = (
				4531DD2918ABC38100CA2072 /* Git Sample-Info.plist */,
				4531DD2A18ABC38100CA2072 /* InfoPlist.strings */,
				4531DD2D18ABC38100CA2072 /* main.m */,
				4531DD2F18ABC38100CA2072 /* Git Sample-Prefix.pch */,
			);
			name = "Supporting Files";
			sourceTree = "<group>";
		};
		4531DD4618ABC38200CA2072 /* Git SampleTests */ = {
			isa = PBXGroup;
			children = (
				4531DD4C18ABC38200CA2072 /* Git_SampleTests.m */,
				4531DD4718ABC38200CA2072 /* Supporting Files */,
			);
			path = "Git SampleTests";
			sourceTree = "<group>";
		};
		4531DD4718ABC38200CA2072 /* Supporting Files */ = {
			isa = PBXGroup;
			children = (
				4531DD4818ABC38200CA2072 /* Git SampleTests-Info.plist */,
				4531DD4918ABC38200CA2072 /* InfoPlist.strings */,
			);
			name = "Supporting Files";
			sourceTree = "<group>";
		};
/* End PBXGroup section */

/* Begin PBXNativeTarget section */
		4531DD1D18ABC38100CA2072 /* Git Sample */ = {
			isa = PBXNativeTarget;
			buildConfigurationList = 4531DD5018ABC38200CA2072 /* Build configuration list for PBXNativeTarget "Git Sample" */;
			buildPhases = (
				4531DD1A18ABC38100CA2072 /* Sources */,
				4531DD1B18ABC38100CA2072 /* Frameworks */,
				4531DD1C18ABC38100CA2072 /* Resources */,
			);
			buildRules = (
			);
			dependencies = (
			);
			name = "Git Sample";
			productName = "Git Sample";
			productReference = 4531DD1E18ABC38100CA2072 /* Git Sample.app */;
			productType = "com.apple.product-type.application";
		};
		4531DD3E18ABC38200CA2072 /* Git SampleTests */ = {
			isa = PBXNativeTarget;
			buildConfigurationList = 4531DD5318ABC38200CA2072 /* Build configuration list for PBXNativeTarget "Git SampleTests" */;
			buildPhases = (
				4531DD3B18ABC38200CA2072 /* Sources */,
				4531DD3C18ABC38200CA2072 /* Frameworks */,
				4531DD3D18ABC38200CA2072 /* Resources */,
			);
			buildRules = (
			);
			dependencies = (
				4531DD4518ABC38200CA2072 /* PBXTargetDependency */,
			);
			name = "Git SampleTests";
			productName = "Git SampleTests";
			productReference = 4531DD3F18ABC38200CA2072 /* Git SampleTests.xctest */;
			productType = "com.apple.product-type.bundle.unit-test";
		};
/* End PBXNativeTarget section */

/* Begin PBXProject section */
		4531DD1618ABC38100CA2072 /* Project object */ = {
			isa = PBXProject;
			attributes = {
				CLASSPREFIX = My;
				LastUpgradeCheck = 0500;
				ORGANIZATIONNAME = okochamakocha;
				TargetAttributes = {
					4531DD3E18ABC38200CA2072 = {
						TestTargetID = 4531DD1D18ABC38100CA2072;
					};
				};
			};
			buildConfigurationList = 4531DD1918ABC38100CA2072 /* Build configuration list for PBXProject "Git Sample" */;
			compatibilityVersion = "Xcode 3.2";
			developmentRegion = English;
			hasScannedForEncodings = 0;
			knownRegions = (
				en,
				Base,
			);
			mainGroup = 4531DD1518ABC38100CA2072;
			productRefGroup = 4531DD1F18ABC38100CA2072 /* Products */;
			projectDirPath = "";
			projectRoot = "";
			targets = (
				4531DD1D18ABC38100CA2072 /* Git Sample */,
				4531DD3E18ABC38200CA2072 /* Git SampleTests */,
			);
		};
/* End PBXProject section */

/* Begin PBXResourcesBuildPhase section */
		4531DD1C18ABC38100CA2072 /* Resources */ = {
			isa = PBXResourcesBuildPhase;
			buildActionMask = 2147483647;
			files = (
				4531DD3A18ABC38100CA2072 /* Images.xcassets in Resources */,
				4531DD2C18ABC38100CA2072 /* InfoPlist.strings in Resources */,
				4531DD3518ABC38100CA2072 /* Main.storyboard in Resources */,
			);
			runOnlyForDeploymentPostprocessing = 0;
		};
		4531DD3D18ABC38200CA2072 /* Resources */ = {
			isa = PBXResourcesBuildPhase;
			buildActionMask = 2147483647;
			files = (
				4531DD4B18ABC38200CA2072 /* InfoPlist.strings in Resources */,
			);
			runOnlyForDeploymentPostprocessing = 0;
		};
/* End PBXResourcesBuildPhase section */

/* Begin PBXSourcesBuildPhase section */
		4531DD1A18ABC38100CA2072 /* Sources */ = {
			isa = PBXSourcesBuildPhase;
			buildActionMask = 2147483647;
			files = (
				4531DD3818ABC38100CA2072 /* MyViewController.m in Sources */,
				4531DD3218ABC38100CA2072 /* MyAppDelegate.m in Sources */,
				4531DD2E18ABC38100CA2072 /* main.m in Sources */,
			);
			runOnlyForDeploymentPostprocessing = 0;
		};
		4531DD3B18ABC38200CA2072 /* Sources */ = {
			isa = PBXSourcesBuildPhase;
			buildActionMask = 2147483647;
			files = (
				4531DD4D18ABC38200CA2072 /* Git_SampleTests.m in Sources */,
			);
			runOnlyForDeploymentPostprocessing = 0;
		};
/* End PBXSourcesBuildPhase section */

/* Begin PBXTargetDependency section */
		4531DD4518ABC38200CA2072 /* PBXTargetDependency */ = {
			isa = PBXTargetDependency;
			target = 4531DD1D18ABC38100CA2072 /* Git Sample */;
			targetProxy = 4531DD4418ABC38200CA2072 /* PBXContainerItemProxy */;
		};
/* End PBXTargetDependency section */

/* Begin PBXVariantGroup section */
		4531DD2A18ABC38100CA2072 /* InfoPlist.strings */ = {
			isa = PBXVariantGroup;
			children = (
				4531DD2B18ABC38100CA2072 /* en */,
			);
			name = InfoPlist.strings;
			sourceTree = "<group>";
		};
		4531DD3318ABC38100CA2072 /* Main.storyboard */ = {
			isa = PBXVariantGroup;
			children = (
				4531DD3418ABC38100CA2072 /* Base */,
			);
			name = Main.storyboard;
			sourceTree = "<group>";
		};
		4531DD4918ABC38200CA2072 /* InfoPlist.strings */ = {
			isa = PBXVariantGroup;
			children = (
				4531DD4A18ABC38200CA2072 /* en */,
			);
			name = InfoPlist.strings;
			sourceTree = "<group>";
		};
/* End PBXVariantGroup section */

/* Begin XCBuildConfiguration section */
		4531DD4E18ABC38200CA2072 /* Debug */ = {
			isa = XCBuildConfiguration;
			buildSettings = {
				ALWAYS_SEARCH_USER_PATHS = NO;
				ARCHS = "$(ARCHS_STANDARD_INCLUDING_64_BIT)";
				CLANG_CXX_LANGUAGE_STANDARD = "gnu++0x";
				CLANG_CXX_LIBRARY = "libc++";
				CLANG_ENABLE_MODULES = YES;
				CLANG_ENABLE_OBJC_ARC = YES;
				CLANG_WARN_BOOL_CONVERSION = YES;
				CLANG_WARN_CONSTANT_CONVERSION = YES;
				CLANG_WARN_DIRECT_OBJC_ISA_USAGE = YES_ERROR;
				CLANG_WARN_EMPTY_BODY = YES;
				CLANG_WARN_ENUM_CONVERSION = YES;
				CLANG_WARN_INT_CONVERSION = YES;
				CLANG_WARN_OBJC_ROOT_CLASS = YES_ERROR;
				CLANG_WARN__DUPLICATE_METHOD_MATCH = YES;
				"CODE_SIGN_IDENTITY[sdk=iphoneos*]" = "iPhone Developer";
				COPY_PHASE_STRIP = NO;
				GCC_C_LANGUAGE_STANDARD = gnu99;
				GCC_DYNAMIC_NO_PIC = NO;
				GCC_OPTIMIZATION_LEVEL = 0;
				GCC_PREPROCESSOR_DEFINITIONS = (
					"DEBUG=1",
					"$(inherited)",
				);
				GCC_SYMBOLS_PRIVATE_EXTERN = NO;
				GCC_WARN_64_TO_32_BIT_CONVERSION = YES;
				GCC_WARN_ABOUT_RETURN_TYPE = YES_ERROR;
				GCC_WARN_UNDECLARED_SELECTOR = YES;
				GCC_WARN_UNINITIALIZED_AUTOS = YES;
				GCC_WARN_UNUSED_FUNCTION = YES;
				GCC_WARN_UNUSED_VARIABLE = YES;
				IPHONEOS_DEPLOYMENT_TARGET = 7.0;
				ONLY_ACTIVE_ARCH = YES;
				SDKROOT = iphoneos;
			};
			name = Debug;
		};
		4531DD4F18ABC38200CA2072 /* Release */ = {
			isa = XCBuildConfiguration;
			buildSettings = {
				ALWAYS_SEARCH_USER_PATHS = NO;
				ARCHS = "$(ARCHS_STANDARD_INCLUDING_64_BIT)";
				CLANG_CXX_LANGUAGE_STANDARD = "gnu++0x";
				CLANG_CXX_LIBRARY = "libc++";
				CLANG_ENABLE_MODULES = YES;
				CLANG_ENABLE_OBJC_ARC = YES;
				CLANG_WARN_BOOL_CONVERSION = YES;
				CLANG_WARN_CONSTANT_CONVERSION = YES;
				CLANG_WARN_DIRECT_OBJC_ISA_USAGE = YES_ERROR;
				CLANG_WARN_EMPTY_BODY = YES;
				CLANG_WARN_ENUM_CONVERSION = YES;
				CLANG_WARN_INT_CONVERSION = YES;
				CLANG_WARN_OBJC_ROOT_CLASS = YES_ERROR;
				CLANG_WARN__DUPLICATE_METHOD_MATCH = YES;
				"CODE_SIGN_IDENTITY[sdk=iphoneos*]" = "iPhone Developer";
				COPY_PHASE_STRIP = YES;
				ENABLE_NS_ASSERTIONS = NO;
				GCC_C_LANGUAGE_STANDARD = gnu99;
				GCC_WARN_64_TO_32_BIT_CONVERSION = YES;
				GCC_WARN_ABOUT_RETURN_TYPE = YES_ERROR;
				GCC_WARN_UNDECLARED_SELECTOR = YES;
				GCC_WARN_UNINITIALIZED_AUTOS = YES;
				GCC_WARN_UNUSED_FUNCTION = YES;
				GCC_WARN_UNUSED_VARIABLE = YES;
				IPHONEOS_DEPLOYMENT_TARGET = 7.0;
				SDKROOT = iphoneos;
				VALIDATE_PRODUCT = YES;
			};
			name = Release;
		};
		4531DD5118ABC38200CA2072 /* Debug */ = {
			isa = XCBuildConfiguration;
			buildSettings = {
				ASSETCATALOG_COMPILER_APPICON_NAME = AppIcon;
				ASSETCATALOG_COMPILER_LAUNCHIMAGE_NAME = LaunchImage;
				GCC_PRECOMPILE_PREFIX_HEADER = YES;
				GCC_PREFIX_HEADER = "Git Sample/Git Sample-Prefix.pch";
				INFOPLIST_FILE = "Git Sample/Git Sample-Info.plist";
				PRODUCT_NAME = "$(TARGET_NAME)";
				WRAPPER_EXTENSION = app;
			};
			name = Debug;
		};
		4531DD5218ABC38200CA2072 /* Release */ = {
			isa = XCBuildConfiguration;
			buildSettings = {
				ASSETCATALOG_COMPILER_APPICON_NAME = AppIcon;
				ASSETCATALOG_COMPILER_LAUNCHIMAGE_NAME = LaunchImage;
				GCC_PRECOMPILE_PREFIX_HEADER = YES;
				GCC_PREFIX_HEADER = "Git Sample/Git Sample-Prefix.pch";
				INFOPLIST_FILE = "Git Sample/Git Sample-Info.plist";
				PRODUCT_NAME = "$(TARGET_NAME)";
				WRAPPER_EXTENSION = app;
			};
			name = Release;
		};
		4531DD5418ABC38200CA2072 /* Debug */ = {
			isa = XCBuildConfiguration;
			buildSettings = {
				ARCHS = "$(ARCHS_STANDARD_INCLUDING_64_BIT)";
				BUNDLE_LOADER = "$(BUILT_PRODUCTS_DIR)/Git Sample.app/Git Sample";
				FRAMEWORK_SEARCH_PATHS = (
					"$(SDKROOT)/Developer/Library/Frameworks",
					"$(inherited)",
					"$(DEVELOPER_FRAMEWORKS_DIR)",
				);
				GCC_PRECOMPILE_PREFIX_HEADER = YES;
				GCC_PREFIX_HEADER = "Git Sample/Git Sample-Prefix.pch";
				GCC_PREPROCESSOR_DEFINITIONS = (
					"DEBUG=1",
					"$(inherited)",
				);
				INFOPLIST_FILE = "Git SampleTests/Git SampleTests-Info.plist";
				PRODUCT_NAME = "$(TARGET_NAME)";
				TEST_HOST = "$(BUNDLE_LOADER)";
				WRAPPER_EXTENSION = xctest;
			};
			name = Debug;
		};
		4531DD5518ABC38200CA2072 /* Release */ = {
			isa = XCBuildConfiguration;
			buildSettings = {
				ARCHS = "$(ARCHS_STANDARD_INCLUDING_64_BIT)";
				BUNDLE_LOADER = "$(BUILT_PRODUCTS_DIR)/Git Sample.app/Git Sample";
				FRAMEWORK_SEARCH_PATHS = (
					"$(SDKROOT)/Developer/Library/Frameworks",
					"$(inherited)",
					"$(DEVELOPER_FRAMEWORKS_DIR)",
				);
				GCC_PRECOMPILE_PREFIX_HEADER = YES;
				GCC_PREFIX_HEADER = "Git Sample/Git Sample-Prefix.pch";
				INFOPLIST_FILE = "Git SampleTests/Git SampleTests-Info.plist";
				PRODUCT_NAME = "$(TARGET_NAME)";
				TEST_HOST = "$(BUNDLE_LOADER)";
				WRAPPER_EXTENSION = xctest;
			};
			name = Release;
		};
/* End XCBuildConfiguration section */

/* Begin XCConfigurationList section */
		4531DD1918ABC38100CA2072 /* Build configuration list for PBXProject "Git Sample" */ = {
			isa = XCConfigurationList;
			buildConfigurations = (
				4531DD4E18ABC38200CA2072 /* Debug */,
				4531DD4F18ABC38200CA2072 /* Release */,
			);
			defaultConfigurationIsVisible = 0;
			defaultConfigurationName = Release;
		};
		4531DD5018ABC38200CA2072 /* Build configuration list for PBXNativeTarget "Git Sample" */ = {
			isa = XCConfigurationList;
			buildConfigurations = (
				4531DD5118ABC38200CA2072 /* Debug */,
				4531DD5218ABC38200CA2072 /* Release */,
			);
			defaultConfigurationIsVisible = 0;
		};
		4531DD5318ABC38200CA2072 /* Build configuration list for PBXNativeTarget "Git SampleTests" */ = {
			isa = XCConfigurationList;
			buildConfigurations = (
				4531DD5418ABC38200CA2072 /* Debug */,
				4531DD5518ABC38200CA2072 /* Release */,
			);
			defaultConfigurationIsVisible = 0;
		};
/* End XCConfigurationList section */
	};
	rootObject = 4531DD1618ABC38100CA2072 /* Project object */;
}
